
Microsoft Visual Studio Solution File, Format Version 12.00
# Visual Studio Version 17
VisualStudioVersion = 17.9.34902.65
MinimumVisualStudioVersion = 10.0.40219.1
Project("{9A19103F-16F7-4668-BE54-9A1E7A4F7556}") = "CondLogAPI", "CondLogAPI\CondLogAPI.csproj", "{02D57C2F-98B0-453C-81BC-42BD5D607E88}"
EndProject
Project("{9A19103F-16F7-4668-BE54-9A1E7A4F7556}") = "CondLogAPI.application", "CondLogAPI.application\CondLogAPI.application.csproj", "{1F2B3159-5FED-490B-B510-909DA5D2645D}"
EndProject
Project("{FAE04EC0-301F-11D3-BF4B-00C04F79EFBC}") = "CondLogAPI.Core", "CondLogAPI.Core\CondLogAPI.Core.csproj", "{1E93786B-CA9C-4F57-BAB2-CA03A1861663}"
EndProject
Project("{FAE04EC0-301F-11D3-BF4B-00C04F79EFBC}") = "CondLogAPI.Infraestructure", "CondLogAPI.Infraestructure\CondLogAPI.Infraestructure.csproj", "{B9A9AE52-360A-4924-AACA-9F23EF9BD666}"
EndProject
Global
	GlobalSection(SolutionConfigurationPlatforms) = preSolution
		Debug|Any CPU = Debug|Any CPU
		Release|Any CPU = Release|Any CPU
	EndGlobalSection
	GlobalSection(ProjectConfigurationPlatforms) = postSolution
		{02D57C2F-98B0-453C-81BC-42BD5D607E88}.Debug|Any CPU.ActiveCfg = Debug|Any CPU
		{02D57C2F-98B0-453C-81BC-42BD5D607E88}.Debug|Any CPU.Build.0 = Debug|Any CPU
		{02D57C2F-98B0-453C-81BC-42BD5D607E88}.Release|Any CPU.ActiveCfg = Release|Any CPU
		{02D57C2F-98B0-453C-81BC-42BD5D607E88}.Release|Any CPU.Build.0 = Release|Any CPU
		{1F2B3159-5FED-490B-B510-909DA5D2645D}.Debug|Any CPU.ActiveCfg = Debug|Any CPU
		{1F2B3159-5FED-490B-B510-909DA5D2645D}.Debug|Any CPU.Build.0 = Debug|Any CPU
		{1F2B3159-5FED-490B-B510-909DA5D2645D}.Release|Any CPU.ActiveCfg = Release|Any CPU
		{1F2B3159-5FED-490B-B510-909DA5D2645D}.Release|Any CPU.Build.0 = Release|Any CPU
		{1E93786B-CA9C-4F57-BAB2-CA03A1861663}.Debug|Any CPU.ActiveCfg = Debug|Any CPU
		{1E93786B-CA9C-4F57-BAB2-CA03A1861663}.Debug|Any CPU.Build.0 = Debug|Any CPU
		{1E93786B-CA9C-4F57-BAB2-CA03A1861663}.Release|Any CPU.ActiveCfg = Release|Any CPU
		{1E93786B-CA9C-4F57-BAB2-CA03A1861663}.Release|Any CPU.Build.0 = Release|Any CPU
		{B9A9AE52-360A-4924-AACA-9F23EF9BD666}.Debug|Any CPU.ActiveCfg = Debug|Any CPU
		{B9A9AE52-360A-4924-AACA-9F23EF9BD666}.Debug|Any CPU.Build.0 = Debug|Any CPU
		{B9A9AE52-360A-4924-AACA-9F23EF9BD666}.Release|Any CPU.ActiveCfg = Release|Any CPU
		{B9A9AE52-360A-4924-AACA-9F23EF9BD666}.Release|Any CPU.Build.0 = Release|Any CPU
	EndGlobalSection
	GlobalSection(SolutionProperties) = preSolution
		HideSolutionNode = FALSE
	EndGlobalSection
	GlobalSection(ExtensibilityGlobals) = postSolution
		SolutionGuid = {B66D2069-127E-40AE-9E61-24936EC8537B}
	EndGlobalSection
EndGlobal
